
Microsoft Visual Studio Solution File, Format Version 12.00
# Visual Studio Version 16
VisualStudioVersion = 16.0.31321.278
MinimumVisualStudioVersion = 10.0.40219.1
Project("{FAE04EC0-301F-11D3-BF4B-00C04F79EFBC}") = "DetectorDeFallas", "DetectorDeFallas\DetectorDeFallas.csproj", "{0174CEBB-2097-4DCB-90B6-0338719ED1DF}"
EndProject
Global
	GlobalSection(SolutionConfigurationPlatforms) = preSolution
		Debug|Any CPU = Debug|Any CPU
		Release|Any CPU = Release|Any CPU
	EndGlobalSection
	GlobalSection(ProjectConfigurationPlatforms) = postSolution
		{0174CEBB-2097-4DCB-90B6-0338719ED1DF}.Debug|Any CPU.ActiveCfg = Debug|Any CPU
		{0174CEBB-2097-4DCB-90B6-0338719ED1DF}.Debug|Any CPU.Build.0 = Debug|Any CPU
		{0174CEBB-2097-4DCB-90B6-0338719ED1DF}.Release|Any CPU.ActiveCfg = Release|Any CPU
		{0174CEBB-2097-4DCB-90B6-0338719ED1DF}.Release|Any CPU.Build.0 = Release|Any CPU
	EndGlobalSection
	GlobalSection(SolutionProperties) = preSolution
		HideSolutionNode = FALSE
	EndGlobalSection
	GlobalSection(ExtensibilityGlobals) = postSolution
		SolutionGuid = {3BA92BE3-B0EB-487B-B57C-9F2EBFDA4EB4}
	EndGlobalSection
EndGlobal
